// !$*UTF8*$!
{
	archiveVersion = 1;
	classes = {
	};
	objectVersion = 56;
	objects = {

/* Begin PBXBuildFile section */
		600C9BD72C1DEFFB00F60BC7 /* AppDelegate.swift in Sources */ = {isa = PBXBuildFile; fileRef = 600C9BD62C1DEFFB00F60BC7 /* AppDelegate.swift */; };
		600C9BD92C1DEFFB00F60BC7 /* SceneDelegate.swift in Sources */ = {isa = PBXBuildFile; fileRef = 600C9BD82C1DEFFB00F60BC7 /* SceneDelegate.swift */; };
		600C9BE02C1DEFFC00F60BC7 /* Assets.xcassets in Resources */ = {isa = PBXBuildFile; fileRef = 600C9BDF2C1DEFFC00F60BC7 /* Assets.xcassets */; };
		600C9BE32C1DEFFC00F60BC7 /* Base in Resources */ = {isa = PBXBuildFile; fileRef = 600C9BE22C1DEFFC00F60BC7 /* Base */; };
		601866CF2C1DF22A00C79D1B /* TodoViewController.swift in Sources */ = {isa = PBXBuildFile; fileRef = 601866CE2C1DF22A00C79D1B /* TodoViewController.swift */; };
		601866D12C1DF24200C79D1B /* SeeViewController.swift in Sources */ = {isa = PBXBuildFile; fileRef = 601866D02C1DF24200C79D1B /* SeeViewController.swift */; };
		602A6B792C1EA2BA00D8C008 /* RecordTableViewCell.swift in Sources */ = {isa = PBXBuildFile; fileRef = 602A6B782C1EA2BA00D8C008 /* RecordTableViewCell.swift */; };
		609093BC2C1DFFD6005899D8 /* AddViewController.swift in Sources */ = {isa = PBXBuildFile; fileRef = 609093BB2C1DFFD6005899D8 /* AddViewController.swift */; };
		609093BF2C1E009D005899D8 /* Main.storyboard in Resources */ = {isa = PBXBuildFile; fileRef = 609093BD2C1E009D005899D8 /* Main.storyboard */; };
		609093C12C1E0905005899D8 /* DataManager.swift in Sources */ = {isa = PBXBuildFile; fileRef = 609093C02C1E0905005899D8 /* DataManager.swift */; };
		60D2EDE92C216DDC0051BCFE /* TodoTableViewCell.swift in Sources */ = {isa = PBXBuildFile; fileRef = 60D2EDE82C216DDC0051BCFE /* TodoTableViewCell.swift */; };
		ED9F07CFFB384715C4AF6CEE /* Pods_Xlog.framework in Frameworks */ = {isa = PBXBuildFile; fileRef = FCEF1BDADB349B68708CAF9D /* Pods_Xlog.framework */; };
/* End PBXBuildFile section */

/* Begin PBXFileReference section */
		282EDF3EA48DD1CD3D716623 /* Pods-Xlog.debug.xcconfig */ = {isa = PBXFileReference; includeInIndex = 1; lastKnownFileType = text.xcconfig; name = "Pods-Xlog.debug.xcconfig"; path = "Target Support Files/Pods-Xlog/Pods-Xlog.debug.xcconfig"; sourceTree = "<group>"; };
		600C9BD32C1DEFFB00F60BC7 /* Xlog.app */ = {isa = PBXFileReference; explicitFileType = wrapper.application; includeInIndex = 0; path = Xlog.app; sourceTree = BUILT_PRODUCTS_DIR; };
		600C9BD62C1DEFFB00F60BC7 /* AppDelegate.swift */ = {isa = PBXFileReference; lastKnownFileType = sourcecode.swift; path = AppDelegate.swift; sourceTree = "<group>"; };
		600C9BD82C1DEFFB00F60BC7 /* SceneDelegate.swift */ = {isa = PBXFileReference; lastKnownFileType = sourcecode.swift; path = SceneDelegate.swift; sourceTree = "<group>"; };
		600C9BDF2C1DEFFC00F60BC7 /* Assets.xcassets */ = {isa = PBXFileReference; lastKnownFileType = folder.assetcatalog; path = Assets.xcassets; sourceTree = "<group>"; };
		600C9BE22C1DEFFC00F60BC7 /* Base */ = {isa = PBXFileReference; lastKnownFileType = file.storyboard; name = Base; path = Base.lproj/LaunchScreen.storyboard; sourceTree = "<group>"; };
		600C9BE42C1DEFFC00F60BC7 /* Info.plist */ = {isa = PBXFileReference; lastKnownFileType = text.plist.xml; path = Info.plist; sourceTree = "<group>"; };
		601866CE2C1DF22A00C79D1B /* TodoViewController.swift */ = {isa = PBXFileReference; fileEncoding = 4; lastKnownFileType = sourcecode.swift; path = TodoViewController.swift; sourceTree = "<group>"; };
		601866D02C1DF24200C79D1B /* SeeViewController.swift */ = {isa = PBXFileReference; fileEncoding = 4; lastKnownFileType = sourcecode.swift; path = SeeViewController.swift; sourceTree = "<group>"; };
		602A6B782C1EA2BA00D8C008 /* RecordTableViewCell.swift */ = {isa = PBXFileReference; lastKnownFileType = sourcecode.swift; path = RecordTableViewCell.swift; sourceTree = "<group>"; };
		609093BB2C1DFFD6005899D8 /* AddViewController.swift */ = {isa = PBXFileReference; fileEncoding = 4; lastKnownFileType = sourcecode.swift; path = AddViewController.swift; sourceTree = "<group>"; };
		609093BE2C1E009D005899D8 /* Base */ = {isa = PBXFileReference; lastKnownFileType = file.storyboard; name = Base; path = Base.lproj/Main.storyboard; sourceTree = "<group>"; };
		609093C02C1E0905005899D8 /* DataManager.swift */ = {isa = PBXFileReference; lastKnownFileType = sourcecode.swift; path = DataManager.swift; sourceTree = "<group>"; };
		60D2EDE82C216DDC0051BCFE /* TodoTableViewCell.swift */ = {isa = PBXFileReference; lastKnownFileType = sourcecode.swift; path = TodoTableViewCell.swift; sourceTree = "<group>"; };
		C17FE10E37D1B75A1B7A60B9 /* Pods-Xlog.release.xcconfig */ = {isa = PBXFileReference; includeInIndex = 1; lastKnownFileType = text.xcconfig; name = "Pods-Xlog.release.xcconfig"; path = "Target Support Files/Pods-Xlog/Pods-Xlog.release.xcconfig"; sourceTree = "<group>"; };
		FCEF1BDADB349B68708CAF9D /* Pods_Xlog.framework */ = {isa = PBXFileReference; explicitFileType = wrapper.framework; includeInIndex = 0; path = Pods_Xlog.framework; sourceTree = BUILT_PRODUCTS_DIR; };
/* End PBXFileReference section */

/* Begin PBXFrameworksBuildPhase section */
		600C9BD02C1DEFFB00F60BC7 /* Frameworks */ = {
			isa = PBXFrameworksBuildPhase;
			buildActionMask = 2147483647;
			files = (
				ED9F07CFFB384715C4AF6CEE /* Pods_Xlog.framework in Frameworks */,
			);
			runOnlyForDeploymentPostprocessing = 0;
		};
/* End PBXFrameworksBuildPhase section */

/* Begin PBXGroup section */
		1A78A38A9992D16ED8706163 /* Pods */ = {
			isa = PBXGroup;
			children = (
				282EDF3EA48DD1CD3D716623 /* Pods-Xlog.debug.xcconfig */,
				C17FE10E37D1B75A1B7A60B9 /* Pods-Xlog.release.xcconfig */,
			);
			path = Pods;
			sourceTree = "<group>";
		};
		600C9BCA2C1DEFFB00F60BC7 = {
			isa = PBXGroup;
			children = (
				600C9BD52C1DEFFB00F60BC7 /* Xlog */,
				600C9BD42C1DEFFB00F60BC7 /* Products */,
				1A78A38A9992D16ED8706163 /* Pods */,
				8B2067A5B32177E0D9F9728B /* Frameworks */,
			);
			sourceTree = "<group>";
		};
		600C9BD42C1DEFFB00F60BC7 /* Products */ = {
			isa = PBXGroup;
			children = (
				600C9BD32C1DEFFB00F60BC7 /* Xlog.app */,
			);
			name = Products;
			sourceTree = "<group>";
		};
		600C9BD52C1DEFFB00F60BC7 /* Xlog */ = {
			isa = PBXGroup;
			children = (
				601866CE2C1DF22A00C79D1B /* TodoViewController.swift */,
				600C9BD62C1DEFFB00F60BC7 /* AppDelegate.swift */,
				600C9BD82C1DEFFB00F60BC7 /* SceneDelegate.swift */,
				600C9BDF2C1DEFFC00F60BC7 /* Assets.xcassets */,
				600C9BE12C1DEFFC00F60BC7 /* LaunchScreen.storyboard */,
				600C9BE42C1DEFFC00F60BC7 /* Info.plist */,
				601866D02C1DF24200C79D1B /* SeeViewController.swift */,
				609093BB2C1DFFD6005899D8 /* AddViewController.swift */,
				609093BD2C1E009D005899D8 /* Main.storyboard */,
				609093C02C1E0905005899D8 /* DataManager.swift */,
				602A6B782C1EA2BA00D8C008 /* RecordTableViewCell.swift */,
				60D2EDE82C216DDC0051BCFE /* TodoTableViewCell.swift */,
			);
			path = Xlog;
			sourceTree = "<group>";
		};
		8B2067A5B32177E0D9F9728B /* Frameworks */ = {
			isa = PBXGroup;
			children = (
				FCEF1BDADB349B68708CAF9D /* Pods_Xlog.framework */,
			);
			name = Frameworks;
			sourceTree = "<group>";
		};
/* End PBXGroup section */

/* Begin PBXNativeTarget section */
		600C9BD22C1DEFFB00F60BC7 /* Xlog */ = {
			isa = PBXNativeTarget;
			buildConfigurationList = 600C9BE72C1DEFFC00F60BC7 /* Build configuration list for PBXNativeTarget "Xlog" */;
			buildPhases = (
				105D44D06D843AF8E7893812 /* [CP] Check Pods Manifest.lock */,
				600C9BCF2C1DEFFB00F60BC7 /* Sources */,
				600C9BD02C1DEFFB00F60BC7 /* Frameworks */,
				600C9BD12C1DEFFB00F60BC7 /* Resources */,
				27A3AF6DF402427C29CCC3F0 /* [CP] Embed Pods Frameworks */,
			);
			buildRules = (
			);
			dependencies = (
			);
			name = Xlog;
			productName = Xlog;
			productReference = 600C9BD32C1DEFFB00F60BC7 /* Xlog.app */;
			productType = "com.apple.product-type.application";
		};
/* End PBXNativeTarget section */

/* Begin PBXProject section */
		600C9BCB2C1DEFFB00F60BC7 /* Project object */ = {
			isa = PBXProject;
			attributes = {
				BuildIndependentTargetsInParallel = 1;
				LastSwiftUpdateCheck = 1540;
				LastUpgradeCheck = 1540;
				TargetAttributes = {
					600C9BD22C1DEFFB00F60BC7 = {
						CreatedOnToolsVersion = 15.4;
					};
				};
			};
			buildConfigurationList = 600C9BCE2C1DEFFB00F60BC7 /* Build configuration list for PBXProject "Xlog" */;
			compatibilityVersion = "Xcode 14.0";
			developmentRegion = en;
			hasScannedForEncodings = 0;
			knownRegions = (
				en,
				Base,
			);
			mainGroup = 600C9BCA2C1DEFFB00F60BC7;
			productRefGroup = 600C9BD42C1DEFFB00F60BC7 /* Products */;
			projectDirPath = "";
			projectRoot = "";
			targets = (
				600C9BD22C1DEFFB00F60BC7 /* Xlog */,
			);
		};
/* End PBXProject section */

/* Begin PBXResourcesBuildPhase section */
		600C9BD12C1DEFFB00F60BC7 /* Resources */ = {
			isa = PBXResourcesBuildPhase;
			buildActionMask = 2147483647;
			files = (
				600C9BE02C1DEFFC00F60BC7 /* Assets.xcassets in Resources */,
				600C9BE32C1DEFFC00F60BC7 /* Base in Resources */,
				609093BF2C1E009D005899D8 /* Main.storyboard in Resources */,
			);
			runOnlyForDeploymentPostprocessing = 0;
		};
/* End PBXResourcesBuildPhase section */

/* Begin PBXShellScriptBuildPhase section */
		105D44D06D843AF8E7893812 /* [CP] Check Pods Manifest.lock */ = {
			isa = PBXShellScriptBuildPhase;
			buildActionMask = 2147483647;
			files = (
			);
			inputFileListPaths = (
			);
			inputPaths = (
				"${PODS_PODFILE_DIR_PATH}/Podfile.lock",
				"${PODS_ROOT}/Manifest.lock",
			);
			name = "[CP] Check Pods Manifest.lock";
			outputFileListPaths = (
			);
			outputPaths = (
				"$(DERIVED_FILE_DIR)/Pods-Xlog-checkManifestLockResult.txt",
			);
			runOnlyForDeploymentPostprocessing = 0;
			shellPath = /bin/sh;
			shellScript = "diff \"${PODS_PODFILE_DIR_PATH}/Podfile.lock\" \"${PODS_ROOT}/Manifest.lock\" > /dev/null\nif [ $? != 0 ] ; then\n    # print error to STDERR\n    echo \"error: The sandbox is not in sync with the Podfile.lock. Run 'pod install' or update your CocoaPods installation.\" >&2\n    exit 1\nfi\n# This output is used by Xcode 'outputs' to avoid re-running this script phase.\necho \"SUCCESS\" > \"${SCRIPT_OUTPUT_FILE_0}\"\n";
			showEnvVarsInLog = 0;
		};
		27A3AF6DF402427C29CCC3F0 /* [CP] Embed Pods Frameworks */ = {
			isa = PBXShellScriptBuildPhase;
			buildActionMask = 2147483647;
			files = (
			);
			inputFileListPaths = (
				"${PODS_ROOT}/Target Support Files/Pods-Xlog/Pods-Xlog-frameworks-${CONFIGURATION}-input-files.xcfilelist",
			);
			name = "[CP] Embed Pods Frameworks";
			outputFileListPaths = (
				"${PODS_ROOT}/Target Support Files/Pods-Xlog/Pods-Xlog-frameworks-${CONFIGURATION}-output-files.xcfilelist",
			);
			runOnlyForDeploymentPostprocessing = 0;
			shellPath = /bin/sh;
			shellScript = "\"${PODS_ROOT}/Target Support Files/Pods-Xlog/Pods-Xlog-frameworks.sh\"\n";
			showEnvVarsInLog = 0;
		};
/* End PBXShellScriptBuildPhase section */

/* Begin PBXSourcesBuildPhase section */
		600C9BCF2C1DEFFB00F60BC7 /* Sources */ = {
			isa = PBXSourcesBuildPhase;
			buildActionMask = 2147483647;
			files = (
				609093BC2C1DFFD6005899D8 /* AddViewController.swift in Sources */,
				609093C12C1E0905005899D8 /* DataManager.swift in Sources */,
				602A6B792C1EA2BA00D8C008 /* RecordTableViewCell.swift in Sources */,
				60D2EDE92C216DDC0051BCFE /* TodoTableViewCell.swift in Sources */,
				601866CF2C1DF22A00C79D1B /* TodoViewController.swift in Sources */,
				600C9BD72C1DEFFB00F60BC7 /* AppDelegate.swift in Sources */,
				601866D12C1DF24200C79D1B /* SeeViewController.swift in Sources */,
				600C9BD92C1DEFFB00F60BC7 /* SceneDelegate.swift in Sources */,
			);
			runOnlyForDeploymentPostprocessing = 0;
		};
/* End PBXSourcesBuildPhase section */

/* Begin PBXVariantGroup section */
		600C9BE12C1DEFFC00F60BC7 /* LaunchScreen.storyboard */ = {
			isa = PBXVariantGroup;
			children = (
				600C9BE22C1DEFFC00F60BC7 /* Base */,
			);
			name = LaunchScreen.storyboard;
			sourceTree = "<group>";
		};
		609093BD2C1E009D005899D8 /* Main.storyboard */ = {
			isa = PBXVariantGroup;
			children = (
				609093BE2C1E009D005899D8 /* Base */,
			);
			name = Main.storyboard;
			sourceTree = "<group>";
		};
/* End PBXVariantGroup section */

/* Begin XCBuildConfiguration section */
		600C9BE52C1DEFFC00F60BC7 /* Debug */ = {
			isa = XCBuildConfiguration;
			buildSettings = {
				ALWAYS_SEARCH_USER_PATHS = NO;
				ASSETCATALOG_COMPILER_GENERATE_SWIFT_ASSET_SYMBOL_EXTENSIONS = YES;
				CLANG_ANALYZER_NONNULL = YES;
				CLANG_ANALYZER_NUMBER_OBJECT_CONVERSION = YES_AGGRESSIVE;
				CLANG_CXX_LANGUAGE_STANDARD = "gnu++20";
				CLANG_ENABLE_MODULES = YES;
				CLANG_ENABLE_OBJC_ARC = YES;
				CLANG_ENABLE_OBJC_WEAK = YES;
				CLANG_WARN_BLOCK_CAPTURE_AUTORELEASING = YES;
				CLANG_WARN_BOOL_CONVERSION = YES;
				CLANG_WARN_COMMA = YES;
				CLANG_WARN_CONSTANT_CONVERSION = YES;
				CLANG_WARN_DEPRECATED_OBJC_IMPLEMENTATIONS = YES;
				CLANG_WARN_DIRECT_OBJC_ISA_USAGE = YES_ERROR;
				CLANG_WARN_DOCUMENTATION_COMMENTS = YES;
				CLANG_WARN_EMPTY_BODY = YES;
				CLANG_WARN_ENUM_CONVERSION = YES;
				CLANG_WARN_INFINITE_RECURSION = YES;
				CLANG_WARN_INT_CONVERSION = YES;
				CLANG_WARN_NON_LITERAL_NULL_CONVERSION = YES;
				CLANG_WARN_OBJC_IMPLICIT_RETAIN_SELF = YES;
				CLANG_WARN_OBJC_LITERAL_CONVERSION = YES;
				CLANG_WARN_OBJC_ROOT_CLASS = YES_ERROR;
				CLANG_WARN_QUOTED_INCLUDE_IN_FRAMEWORK_HEADER = YES;
				CLANG_WARN_RANGE_LOOP_ANALYSIS = YES;
				CLANG_WARN_STRICT_PROTOTYPES = YES;
				CLANG_WARN_SUSPICIOUS_MOVE = YES;
				CLANG_WARN_UNGUARDED_AVAILABILITY = YES_AGGRESSIVE;
				CLANG_WARN_UNREACHABLE_CODE = YES;
				CLANG_WARN__DUPLICATE_METHOD_MATCH = YES;
				COPY_PHASE_STRIP = NO;
				DEBUG_INFORMATION_FORMAT = dwarf;
				ENABLE_STRICT_OBJC_MSGSEND = YES;
				ENABLE_TESTABILITY = YES;
				ENABLE_USER_SCRIPT_SANDBOXING = NO;
				GCC_C_LANGUAGE_STANDARD = gnu17;
				GCC_DYNAMIC_NO_PIC = NO;
				GCC_NO_COMMON_BLOCKS = YES;
				GCC_OPTIMIZATION_LEVEL = 0;
				GCC_PREPROCESSOR_DEFINITIONS = (
					"DEBUG=1",
					"$(inherited)",
				);
				GCC_WARN_64_TO_32_BIT_CONVERSION = YES;
				GCC_WARN_ABOUT_RETURN_TYPE = YES_ERROR;
				GCC_WARN_UNDECLARED_SELECTOR = YES;
				GCC_WARN_UNINITIALIZED_AUTOS = YES_AGGRESSIVE;
				GCC_WARN_UNUSED_FUNCTION = YES;
				GCC_WARN_UNUSED_VARIABLE = YES;
				IPHONEOS_DEPLOYMENT_TARGET = 17.5;
				LOCALIZATION_PREFERS_STRING_CATALOGS = YES;
				MTL_ENABLE_DEBUG_INFO = INCLUDE_SOURCE;
				MTL_FAST_MATH = YES;
				ONLY_ACTIVE_ARCH = YES;
				SDKROOT = iphoneos;
				SWIFT_ACTIVE_COMPILATION_CONDITIONS = "DEBUG $(inherited)";
				SWIFT_OPTIMIZATION_LEVEL = "-Onone";
			};
			name = Debug;
		};
		600C9BE62C1DEFFC00F60BC7 /* Release */ = {
			isa = XCBuildConfiguration;
			buildSettings = {
				ALWAYS_SEARCH_USER_PATHS = NO;
				ASSETCATALOG_COMPILER_GENERATE_SWIFT_ASSET_SYMBOL_EXTENSIONS = YES;
				CLANG_ANALYZER_NONNULL = YES;
				CLANG_ANALYZER_NUMBER_OBJECT_CONVERSION = YES_AGGRESSIVE;
				CLANG_CXX_LANGUAGE_STANDARD = "gnu++20";
				CLANG_ENABLE_MODULES = YES;
				CLANG_ENABLE_OBJC_ARC = YES;
				CLANG_ENABLE_OBJC_WEAK = YES;
				CLANG_WARN_BLOCK_CAPTURE_AUTORELEASING = YES;
				CLANG_WARN_BOOL_CONVERSION = YES;
				CLANG_WARN_COMMA = YES;
				CLANG_WARN_CONSTANT_CONVERSION = YES;
				CLANG_WARN_DEPRECATED_OBJC_IMPLEMENTATIONS = YES;
				CLANG_WARN_DIRECT_OBJC_ISA_USAGE = YES_ERROR;
				CLANG_WARN_DOCUMENTATION_COMMENTS = YES;
				CLANG_WARN_EMPTY_BODY = YES;
				CLANG_WARN_ENUM_CONVERSION = YES;
				CLANG_WARN_INFINITE_RECURSION = YES;
				CLANG_WARN_INT_CONVERSION = YES;
				CLANG_WARN_NON_LITERAL_NULL_CONVERSION = YES;
				CLANG_WARN_OBJC_IMPLICIT_RETAIN_SELF = YES;
				CLANG_WARN_OBJC_LITERAL_CONVERSION = YES;
				CLANG_WARN_OBJC_ROOT_CLASS = YES_ERROR;
				CLANG_WARN_QUOTED_INCLUDE_IN_FRAMEWORK_HEADER = YES;
				CLANG_WARN_RANGE_LOOP_ANALYSIS = YES;
				CLANG_WARN_STRICT_PROTOTYPES = YES;
				CLANG_WARN_SUSPICIOUS_MOVE = YES;
				CLANG_WARN_UNGUARDED_AVAILABILITY = YES_AGGRESSIVE;
				CLANG_WARN_UNREACHABLE_CODE = YES;
				CLANG_WARN__DUPLICATE_METHOD_MATCH = YES;
				COPY_PHASE_STRIP = NO;
				DEBUG_INFORMATION_FORMAT = "dwarf-with-dsym";
				ENABLE_NS_ASSERTIONS = NO;
				ENABLE_STRICT_OBJC_MSGSEND = YES;
				ENABLE_USER_SCRIPT_SANDBOXING = NO;
				GCC_C_LANGUAGE_STANDARD = gnu17;
				GCC_NO_COMMON_BLOCKS = YES;
				GCC_WARN_64_TO_32_BIT_CONVERSION = YES;
				GCC_WARN_ABOUT_RETURN_TYPE = YES_ERROR;
				GCC_WARN_UNDECLARED_SELECTOR = YES;
				GCC_WARN_UNINITIALIZED_AUTOS = YES_AGGRESSIVE;
				GCC_WARN_UNUSED_FUNCTION = YES;
				GCC_WARN_UNUSED_VARIABLE = YES;
				IPHONEOS_DEPLOYMENT_TARGET = 17.5;
				LOCALIZATION_PREFERS_STRING_CATALOGS = YES;
				MTL_ENABLE_DEBUG_INFO = NO;
				MTL_FAST_MATH = YES;
				SDKROOT = iphoneos;
				SWIFT_COMPILATION_MODE = wholemodule;
				VALIDATE_PRODUCT = YES;
			};
			name = Release;
		};
		600C9BE82C1DEFFC00F60BC7 /* Debug */ = {
			isa = XCBuildConfiguration;
			baseConfigurationReference = 282EDF3EA48DD1CD3D716623 /* Pods-Xlog.debug.xcconfig */;
			buildSettings = {
				ASSETCATALOG_COMPILER_APPICON_NAME = AppIcon;
				ASSETCATALOG_COMPILER_GLOBAL_ACCENT_COLOR_NAME = AccentColor;
				CODE_SIGN_STYLE = Automatic;
				CURRENT_PROJECT_VERSION = 1;
				GENERATE_INFOPLIST_FILE = YES;
				INFOPLIST_FILE = Xlog/Info.plist;
				INFOPLIST_KEY_UIApplicationSupportsIndirectInputEvents = YES;
				INFOPLIST_KEY_UILaunchStoryboardName = LaunchScreen;
				INFOPLIST_KEY_UIMainStoryboardFile = Main;
				INFOPLIST_KEY_UISupportedInterfaceOrientations_iPad = "UIInterfaceOrientationPortrait UIInterfaceOrientationPortraitUpsideDown UIInterfaceOrientationLandscapeLeft UIInterfaceOrientationLandscapeRight";
				INFOPLIST_KEY_UISupportedInterfaceOrientations_iPhone = "UIInterfaceOrientationPortrait UIInterfaceOrientationLandscapeLeft UIInterfaceOrientationLandscapeRight";
				LD_RUNPATH_SEARCH_PATHS = (
					"$(inherited)",
					"@executable_path/Frameworks",
				);
				MARKETING_VERSION = 1.0;
				PRODUCT_BUNDLE_IDENTIFIER = sujin.hansung.ac.kr.Xlog;
				PRODUCT_NAME = "$(TARGET_NAME)";
				SWIFT_EMIT_LOC_STRINGS = YES;
				SWIFT_VERSION = 5.0;
				TARGETED_DEVICE_FAMILY = "1,2";
			};
			name = Debug;
		};
		600C9BE92C1DEFFC00F60BC7 /* Release */ = {
			isa = XCBuildConfiguration;
			baseConfigurationReference = C17FE10E37D1B75A1B7A60B9 /* Pods-Xlog.release.xcconfig */;
			buildSettings = {
				ASSETCATALOG_COMPILER_APPICON_NAME = AppIcon;
				ASSETCATALOG_COMPILER_GLOBAL_ACCENT_COLOR_NAME = AccentColor;
				CODE_SIGN_STYLE = Automatic;
				CURRENT_PROJECT_VERSION = 1;
				GENERATE_INFOPLIST_FILE = YES;
				INFOPLIST_FILE = Xlog/Info.plist;
				INFOPLIST_KEY_UIApplicationSupportsIndirectInputEvents = YES;
				INFOPLIST_KEY_UILaunchStoryboardName = LaunchScreen;
				INFOPLIST_KEY_UIMainStoryboardFile = Main;
				INFOPLIST_KEY_UISupportedInterfaceOrientations_iPad = "UIInterfaceOrientationPortrait UIInterfaceOrientationPortraitUpsideDown UIInterfaceOrientationLandscapeLeft UIInterfaceOrientationLandscapeRight";
				INFOPLIST_KEY_UISupportedInterfaceOrientations_iPhone = "UIInterfaceOrientationPortrait UIInterfaceOrientationLandscapeLeft UIInterfaceOrientationLandscapeRight";
				LD_RUNPATH_SEARCH_PATHS = (
					"$(inherited)",
					"@executable_path/Frameworks",
				);
				MARKETING_VERSION = 1.0;
				PRODUCT_BUNDLE_IDENTIFIER = sujin.hansung.ac.kr.Xlog;
				PRODUCT_NAME = "$(TARGET_NAME)";
				SWIFT_EMIT_LOC_STRINGS = YES;
				SWIFT_VERSION = 5.0;
				TARGETED_DEVICE_FAMILY = "1,2";
			};
			name = Release;
		};
/* End XCBuildConfiguration section */

/* Begin XCConfigurationList section */
		600C9BCE2C1DEFFB00F60BC7 /* Build configuration list for PBXProject "Xlog" */ = {
			isa = XCConfigurationList;
			buildConfigurations = (
				600C9BE52C1DEFFC00F60BC7 /* Debug */,
				600C9BE62C1DEFFC00F60BC7 /* Release */,
			);
			defaultConfigurationIsVisible = 0;
			defaultConfigurationName = Release;
		};
		600C9BE72C1DEFFC00F60BC7 /* Build configuration list for PBXNativeTarget "Xlog" */ = {
			isa = XCConfigurationList;
			buildConfigurations = (
				600C9BE82C1DEFFC00F60BC7 /* Debug */,
				600C9BE92C1DEFFC00F60BC7 /* Release */,
			);
			defaultConfigurationIsVisible = 0;
			defaultConfigurationName = Release;
		};
/* End XCConfigurationList section */
	};
	rootObject = 600C9BCB2C1DEFFB00F60BC7 /* Project object */;
}
